<Solution>
  <Folder Name="/dotnet-aspire/">
    <Project Path="dotnet-aspire/AppHost.Tests/AppHost.Tests.csproj" />
    <Project Path="dotnet-aspire/AppHost/AppHost.csproj" />
  </Folder>
  <Folder Name="/dotnet-testcontainers/">
    <Project Path="dotnet-testcontainers/Envilder.Examples.Tests.csproj" />
  </Folder>
</Solution>
